
Microsoft Visual Studio Solution File, Format Version 12.00
# Visual Studio Version 17
VisualStudioVersion = 17.12.35309.182
MinimumVisualStudioVersion = 10.0.40219.1
Project("{FAE04EC0-301F-11D3-BF4B-00C04F79EFBC}") = "AlquilerMVC", "AlquilerMVC\AlquilerMVC.csproj", "{89FDCB39-CDD6-4AC3-92B6-01166B5E7CF8}"
EndProject
Global
	GlobalSection(SolutionConfigurationPlatforms) = preSolution
		Debug|Any CPU = Debug|Any CPU
		Release|Any CPU = Release|Any CPU
	EndGlobalSection
	GlobalSection(ProjectConfigurationPlatforms) = postSolution
		{89FDCB39-CDD6-4AC3-92B6-01166B5E7CF8}.Debug|Any CPU.ActiveCfg = Debug|Any CPU
		{89FDCB39-CDD6-4AC3-92B6-01166B5E7CF8}.Debug|Any CPU.Build.0 = Debug|Any CPU
		{89FDCB39-CDD6-4AC3-92B6-01166B5E7CF8}.Release|Any CPU.ActiveCfg = Release|Any CPU
		{89FDCB39-CDD6-4AC3-92B6-01166B5E7CF8}.Release|Any CPU.Build.0 = Release|Any CPU
	EndGlobalSection
	GlobalSection(SolutionProperties) = preSolution
		HideSolutionNode = FALSE
	EndGlobalSection
	GlobalSection(ExtensibilityGlobals) = postSolution
		SolutionGuid = {7519EF02-33D3-4829-B5F1-CA4B5C5058F4}
	EndGlobalSection
EndGlobal
